Microsoft Visual Studio Solution File, Format Version 12.00
# Visual Studio Version 17
VisualStudioVersion = 17.0.31903.59
MinimumVisualStudioVersion = 10.0.40219.1
Project("{FAE04EC0-301F-11D3-BF4B-00C04F79EFBC}") = "Mockingbird", "src\Mockingbird\Mockingbird.csproj", "{A1B2C3D4-E5F6-7890-ABCD-1234567890AB}"
EndProject
Project("{FAE04EC0-301F-11D3-BF4B-00C04F79EFBC}") = "Mockingbird.Cli", "src\Mockingbird.Cli\Mockingbird.Cli.csproj", "{B2C3D4E5-F6A7-8901-BCDE-2345678901BC}"
EndProject
Global
	GlobalSection(SolutionConfigurationPlatforms) = preSolution
		Debug|x64 = Debug|x64
		Release|x64 = Release|x64
	EndGlobalSection
	GlobalSection(ProjectConfigurationPlatforms) = postSolution
		{A1B2C3D4-E5F6-7890-ABCD-1234567890AB}.Debug|x64.ActiveCfg = Debug|x64
		{A1B2C3D4-E5F6-7890-ABCD-1234567890AB}.Debug|x64.Build.0 = Debug|x64
		{A1B2C3D4-E5F6-7890-ABCD-1234567890AB}.Release|x64.ActiveCfg = Release|x64
		{A1B2C3D4-E5F6-7890-ABCD-1234567890AB}.Release|x64.Build.0 = Release|x64
		{B2C3D4E5-F6A7-8901-BCDE-2345678901BC}.Debug|x64.ActiveCfg = Debug|x64
		{B2C3D4E5-F6A7-8901-BCDE-2345678901BC}.Debug|x64.Build.0 = Debug|x64
		{B2C3D4E5-F6A7-8901-BCDE-2345678901BC}.Release|x64.ActiveCfg = Release|x64
		{B2C3D4E5-F6A7-8901-BCDE-2345678901BC}.Release|x64.Build.0 = Release|x64
	EndGlobalSection
	GlobalSection(SolutionProperties) = preSolution
		HideSolutionNode = FALSE
	EndGlobalSection
EndGlobal
